
Microsoft Visual Studio Solution File, Format Version 12.00
# Visual Studio Version 16
VisualStudioVersion = 16.0.30104.148
MinimumVisualStudioVersion = 10.0.40219.1
Project("{9A19103F-16F7-4668-BE54-9A1E7A4F7556}") = "ConstructionApp", "ConstructionApp.csproj", "{FF9B5723-05E8-40B6-87F8-72D5290DB172}"
EndProject
Project("{FAE04EC0-301F-11D3-BF4B-00C04F79EFBC}") = "LandingPage", "..\LandingPage\LandingPage.csproj", "{5A68588D-9CA0-4068-8392-8C6871C7BB06}"
EndProject
Global
	GlobalSection(SolutionConfigurationPlatforms) = preSolution
		Debug|Any CPU = Debug|Any CPU
		Release|Any CPU = Release|Any CPU
	EndGlobalSection
	GlobalSection(ProjectConfigurationPlatforms) = postSolution
		{FF9B5723-05E8-40B6-87F8-72D5290DB172}.Debug|Any CPU.ActiveCfg = Debug|Any CPU
		{FF9B5723-05E8-40B6-87F8-72D5290DB172}.Debug|Any CPU.Build.0 = Debug|Any CPU
		{FF9B5723-05E8-40B6-87F8-72D5290DB172}.Release|Any CPU.ActiveCfg = Release|Any CPU
		{FF9B5723-05E8-40B6-87F8-72D5290DB172}.Release|Any CPU.Build.0 = Release|Any CPU
		{5A68588D-9CA0-4068-8392-8C6871C7BB06}.Debug|Any CPU.ActiveCfg = Debug|Any CPU
		{5A68588D-9CA0-4068-8392-8C6871C7BB06}.Debug|Any CPU.Build.0 = Debug|Any CPU
		{5A68588D-9CA0-4068-8392-8C6871C7BB06}.Release|Any CPU.ActiveCfg = Release|Any CPU
		{5A68588D-9CA0-4068-8392-8C6871C7BB06}.Release|Any CPU.Build.0 = Release|Any CPU
	EndGlobalSection
	GlobalSection(SolutionProperties) = preSolution
		HideSolutionNode = FALSE
	EndGlobalSection
	GlobalSection(ExtensibilityGlobals) = postSolution
		SolutionGuid = {A59D8EF5-73BA-4D94-837B-FB1D5F18FA16}
	EndGlobalSection
EndGlobal
